
Microsoft Visual Studio Solution File, Format Version 12.00
# Visual Studio 15
VisualStudioVersion = 15.0.28307.136
MinimumVisualStudioVersion = 10.0.40219.1
Project("{FAE04EC0-301F-11D3-BF4B-00C04F79EFBC}") = "AngularUploadComponent", "AngularUploadComponent\AngularUploadComponent.csproj", "{79CEDB77-466B-416E-96CB-D2E7B3595CB5}"
EndProject
Global
	GlobalSection(SolutionConfigurationPlatforms) = preSolution
		Debug|Any CPU = Debug|Any CPU
		Release|Any CPU = Release|Any CPU
	EndGlobalSection
	GlobalSection(ProjectConfigurationPlatforms) = postSolution
		{79CEDB77-466B-416E-96CB-D2E7B3595CB5}.Debug|Any CPU.ActiveCfg = Debug|Any CPU
		{79CEDB77-466B-416E-96CB-D2E7B3595CB5}.Debug|Any CPU.Build.0 = Debug|Any CPU
		{79CEDB77-466B-416E-96CB-D2E7B3595CB5}.Release|Any CPU.ActiveCfg = Release|Any CPU
		{79CEDB77-466B-416E-96CB-D2E7B3595CB5}.Release|Any CPU.Build.0 = Release|Any CPU
	EndGlobalSection
	GlobalSection(SolutionProperties) = preSolution
		HideSolutionNode = FALSE
	EndGlobalSection
	GlobalSection(ExtensibilityGlobals) = postSolution
		SolutionGuid = {9BCBB38F-346B-4F02-82B6-B7EB6C1C8FCB}
	EndGlobalSection
EndGlobal
